
Microsoft Visual Studio Solution File, Format Version 12.00
# Visual Studio Version 16
VisualStudioVersion = 16.0.31515.178
MinimumVisualStudioVersion = 10.0.40219.1
Project("{FAE04EC0-301F-11D3-BF4B-00C04F79EFBC}") = "laboratori2", "laboratori2\laboratori2.csproj", "{69F2777D-6EEB-45D5-8413-1C9C7AD5B721}"
EndProject
Global
	GlobalSection(SolutionConfigurationPlatforms) = preSolution
		Debug|Any CPU = Debug|Any CPU
		Release|Any CPU = Release|Any CPU
	EndGlobalSection
	GlobalSection(ProjectConfigurationPlatforms) = postSolution
		{69F2777D-6EEB-45D5-8413-1C9C7AD5B721}.Debug|Any CPU.ActiveCfg = Debug|Any CPU
		{69F2777D-6EEB-45D5-8413-1C9C7AD5B721}.Debug|Any CPU.Build.0 = Debug|Any CPU
		{69F2777D-6EEB-45D5-8413-1C9C7AD5B721}.Release|Any CPU.ActiveCfg = Release|Any CPU
		{69F2777D-6EEB-45D5-8413-1C9C7AD5B721}.Release|Any CPU.Build.0 = Release|Any CPU
	EndGlobalSection
	GlobalSection(SolutionProperties) = preSolution
		HideSolutionNode = FALSE
	EndGlobalSection
	GlobalSection(ExtensibilityGlobals) = postSolution
		SolutionGuid = {FFB982A5-6C2E-4640-B8F2-FE83D94A13A4}
	EndGlobalSection
EndGlobal
